
Microsoft Visual Studio Solution File, Format Version 12.00
# Visual Studio Version 17
VisualStudioVersion = 17.0.31903.59
MinimumVisualStudioVersion = 10.0.40219.1
Project("{FAE04EC0-301F-11D3-BF4B-00C04F79EFBC}") = "APBD_5", "APBD_5\APBD_5.csproj", "{4FB39B62-1B4C-4BFA-B3D7-DD22E8178BD9}"
EndProject
Project("{FAE04EC0-301F-11D3-BF4B-00C04F79EFBC}") = "APBD_5_Tests", "APBD_5_Tests\APBD_5_Tests.csproj", "{2158FDAA-DC9A-48B1-B764-42B1C36A716B}"
EndProject
Global
	GlobalSection(SolutionConfigurationPlatforms) = preSolution
		Debug|Any CPU = Debug|Any CPU
		Debug|x64 = Debug|x64
		Debug|x86 = Debug|x86
		Release|Any CPU = Release|Any CPU
		Release|x64 = Release|x64
		Release|x86 = Release|x86
	EndGlobalSection
	GlobalSection(ProjectConfigurationPlatforms) = postSolution
		{4FB39B62-1B4C-4BFA-B3D7-DD22E8178BD9}.Debug|Any CPU.ActiveCfg = Debug|Any CPU
		{4FB39B62-1B4C-4BFA-B3D7-DD22E8178BD9}.Debug|Any CPU.Build.0 = Debug|Any CPU
		{4FB39B62-1B4C-4BFA-B3D7-DD22E8178BD9}.Debug|x64.ActiveCfg = Debug|Any CPU
		{4FB39B62-1B4C-4BFA-B3D7-DD22E8178BD9}.Debug|x64.Build.0 = Debug|Any CPU
		{4FB39B62-1B4C-4BFA-B3D7-DD22E8178BD9}.Debug|x86.ActiveCfg = Debug|Any CPU
		{4FB39B62-1B4C-4BFA-B3D7-DD22E8178BD9}.Debug|x86.Build.0 = Debug|Any CPU
		{4FB39B62-1B4C-4BFA-B3D7-DD22E8178BD9}.Release|Any CPU.ActiveCfg = Release|Any CPU
		{4FB39B62-1B4C-4BFA-B3D7-DD22E8178BD9}.Release|Any CPU.Build.0 = Release|Any CPU
		{4FB39B62-1B4C-4BFA-B3D7-DD22E8178BD9}.Release|x64.ActiveCfg = Release|Any CPU
		{4FB39B62-1B4C-4BFA-B3D7-DD22E8178BD9}.Release|x64.Build.0 = Release|Any CPU
		{4FB39B62-1B4C-4BFA-B3D7-DD22E8178BD9}.Release|x86.ActiveCfg = Release|Any CPU
		{4FB39B62-1B4C-4BFA-B3D7-DD22E8178BD9}.Release|x86.Build.0 = Release|Any CPU
		{2158FDAA-DC9A-48B1-B764-42B1C36A716B}.Debug|Any CPU.ActiveCfg = Debug|Any CPU
		{2158FDAA-DC9A-48B1-B764-42B1C36A716B}.Debug|Any CPU.Build.0 = Debug|Any CPU
		{2158FDAA-DC9A-48B1-B764-42B1C36A716B}.Debug|x64.ActiveCfg = Debug|Any CPU
		{2158FDAA-DC9A-48B1-B764-42B1C36A716B}.Debug|x64.Build.0 = Debug|Any CPU
		{2158FDAA-DC9A-48B1-B764-42B1C36A716B}.Debug|x86.ActiveCfg = Debug|Any CPU
		{2158FDAA-DC9A-48B1-B764-42B1C36A716B}.Debug|x86.Build.0 = Debug|Any CPU
		{2158FDAA-DC9A-48B1-B764-42B1C36A716B}.Release|Any CPU.ActiveCfg = Release|Any CPU
		{2158FDAA-DC9A-48B1-B764-42B1C36A716B}.Release|Any CPU.Build.0 = Release|Any CPU
		{2158FDAA-DC9A-48B1-B764-42B1C36A716B}.Release|x64.ActiveCfg = Release|Any CPU
		{2158FDAA-DC9A-48B1-B764-42B1C36A716B}.Release|x64.Build.0 = Release|Any CPU
		{2158FDAA-DC9A-48B1-B764-42B1C36A716B}.Release|x86.ActiveCfg = Release|Any CPU
		{2158FDAA-DC9A-48B1-B764-42B1C36A716B}.Release|x86.Build.0 = Release|Any CPU
	EndGlobalSection
	GlobalSection(SolutionProperties) = preSolution
		HideSolutionNode = FALSE
	EndGlobalSection
EndGlobal
